
Microsoft Visual Studio Solution File, Format Version 12.00
# Visual Studio 2012
Project("{FAE04EC0-301F-11D3-BF4B-00C04F79EFBC}") = "mailServerManager", "mailServerManager\mailServerManager.csproj", "{3D4668A6-049D-41A4-BCB4-80AF1B960788}"
EndProject
Project("{FAE04EC0-301F-11D3-BF4B-00C04F79EFBC}") = "mailServerManager.Tests", "mailServerManager.Tests\mailServerManager.Tests.csproj", "{4AE51FF0-3012-47BF-A112-85EC64E7662A}"
EndProject
Global
	GlobalSection(SolutionConfigurationPlatforms) = preSolution
		Debug|Any CPU = Debug|Any CPU
		Release|Any CPU = Release|Any CPU
	EndGlobalSection
	GlobalSection(ProjectConfigurationPlatforms) = postSolution
		{3D4668A6-049D-41A4-BCB4-80AF1B960788}.Debug|Any CPU.ActiveCfg = Debug|Any CPU
		{3D4668A6-049D-41A4-BCB4-80AF1B960788}.Debug|Any CPU.Build.0 = Debug|Any CPU
		{3D4668A6-049D-41A4-BCB4-80AF1B960788}.Release|Any CPU.ActiveCfg = Release|Any CPU
		{3D4668A6-049D-41A4-BCB4-80AF1B960788}.Release|Any CPU.Build.0 = Release|Any CPU
		{4AE51FF0-3012-47BF-A112-85EC64E7662A}.Debug|Any CPU.ActiveCfg = Debug|Any CPU
		{4AE51FF0-3012-47BF-A112-85EC64E7662A}.Debug|Any CPU.Build.0 = Debug|Any CPU
		{4AE51FF0-3012-47BF-A112-85EC64E7662A}.Release|Any CPU.ActiveCfg = Release|Any CPU
		{4AE51FF0-3012-47BF-A112-85EC64E7662A}.Release|Any CPU.Build.0 = Release|Any CPU
	EndGlobalSection
	GlobalSection(SolutionProperties) = preSolution
		HideSolutionNode = FALSE
	EndGlobalSection
EndGlobal
